
Microsoft Visual Studio Solution File, Format Version 12.00
# Visual Studio Version 17
VisualStudioVersion = 17.5.33516.290
MinimumVisualStudioVersion = 10.0.40219.1
Project("{FAE04EC0-301F-11D3-BF4B-00C04F79EFBC}") = "CodeHero MNGR", "CodeHero MNGR\CodeHero MNGR.csproj", "{3DA05602-BDB9-4395-A991-AC01B6DF6989}"
EndProject
Global
	GlobalSection(SolutionConfigurationPlatforms) = preSolution
		Debug|Any CPU = Debug|Any CPU
		Release|Any CPU = Release|Any CPU
	EndGlobalSection
	GlobalSection(ProjectConfigurationPlatforms) = postSolution
		{3DA05602-BDB9-4395-A991-AC01B6DF6989}.Debug|Any CPU.ActiveCfg = Debug|Any CPU
		{3DA05602-BDB9-4395-A991-AC01B6DF6989}.Debug|Any CPU.Build.0 = Debug|Any CPU
		{3DA05602-BDB9-4395-A991-AC01B6DF6989}.Release|Any CPU.ActiveCfg = Release|Any CPU
		{3DA05602-BDB9-4395-A991-AC01B6DF6989}.Release|Any CPU.Build.0 = Release|Any CPU
	EndGlobalSection
	GlobalSection(SolutionProperties) = preSolution
		HideSolutionNode = FALSE
	EndGlobalSection
	GlobalSection(ExtensibilityGlobals) = postSolution
		SolutionGuid = {DCC9AF92-235E-4CD3-951D-86C5F2C879F7}
	EndGlobalSection
EndGlobal
